lockfileVersion: '9.0'

settings:
  autoInstallPeers: true
  excludeLinksFromLockfile: false

importers:

  .:
    dependencies:
      htmx.org:
        specifier: ^1.9.12
        version: 1.9.12

packages:

  htmx.org@1.9.12:
    resolution: {integrity: sha512-VZAohXyF7xPGS52IM8d1T1283y+X4D+Owf3qY1NZ9RuBypyu9l8cGsxUMAG5fEAb/DhT7rDoJ9Hpu5/HxFD3cw==}

snapshots:

  htmx.org@1.9.12: {}
